
Microsoft Visual Studio Solution File, Format Version 12.00
# Visual Studio Version 17
VisualStudioVersion = 17.2.32630.192
MinimumVisualStudioVersion = 10.0.40219.1
Project("{FAE04EC0-301F-11D3-BF4B-00C04F79EFBC}") = "PharmacyUpdated", "PharmacyUpdated\PharmacyUpdated.csproj", "{8128A23D-820F-4D71-8572-80FC530BB98A}"
EndProject
Global
	GlobalSection(SolutionConfigurationPlatforms) = preSolution
		Debug|Any CPU = Debug|Any CPU
		Release|Any CPU = Release|Any CPU
	EndGlobalSection
	GlobalSection(ProjectConfigurationPlatforms) = postSolution
		{8128A23D-820F-4D71-8572-80FC530BB98A}.Debug|Any CPU.ActiveCfg = Debug|Any CPU
		{8128A23D-820F-4D71-8572-80FC530BB98A}.Debug|Any CPU.Build.0 = Debug|Any CPU
		{8128A23D-820F-4D71-8572-80FC530BB98A}.Release|Any CPU.ActiveCfg = Release|Any CPU
		{8128A23D-820F-4D71-8572-80FC530BB98A}.Release|Any CPU.Build.0 = Release|Any CPU
	EndGlobalSection
	GlobalSection(SolutionProperties) = preSolution
		HideSolutionNode = FALSE
	EndGlobalSection
	GlobalSection(ExtensibilityGlobals) = postSolution
		SolutionGuid = {F96ABC9C-9D62-46AA-BCCD-0566E697CC9A}
	EndGlobalSection
EndGlobal
